// !$*UTF8*$!
{
	archiveVersion = 1;
	classes = {
	};
	objectVersion = 50;
	objects = {

/* Begin PBXBuildFile section */
		8780FEB4266322A4007BF173 /* Managed.swift in Sources */ = {isa = PBXBuildFile; fileRef = 8780FEB3266322A4007BF173 /* Managed.swift */; };
		8780FEB6266322E0007BF173 /* DataStack.swift in Sources */ = {isa = PBXBuildFile; fileRef = 8780FEB5266322E0007BF173 /* DataStack.swift */; };
		8780FEB826632334007BF173 /* Coordinator.swift in Sources */ = {isa = PBXBuildFile; fileRef = 8780FEB726632334007BF173 /* Coordinator.swift */; };
		8780FEBA2663236C007BF173 /* NSManagedObjectContext+Extension.swift in Sources */ = {isa = PBXBuildFile; fileRef = 8780FEB92663236C007BF173 /* NSManagedObjectContext+Extension.swift */; };
		8780FEBE26632433007BF173 /* TrackingApp.xcdatamodeld in Sources */ = {isa = PBXBuildFile; fileRef = 8780FEBC26632433007BF173 /* TrackingApp.xcdatamodeld */; };
		8780FEC12663251E007BF173 /* Login+CoreDataClass.swift in Sources */ = {isa = PBXBuildFile; fileRef = 8780FEBF2663251E007BF173 /* Login+CoreDataClass.swift */; };
		8780FEC22663251E007BF173 /* Login+CoreDataProperties.swift in Sources */ = {isa = PBXBuildFile; fileRef = 8780FEC02663251E007BF173 /* Login+CoreDataProperties.swift */; };
		87A3033526613B5D00473FA9 /* ErrorVC.swift in Sources */ = {isa = PBXBuildFile; fileRef = 87A3033426613B5D00473FA9 /* ErrorVC.swift */; };
		87ADEFDF2660D08800CA63D1 /* AppDelegate.swift in Sources */ = {isa = PBXBuildFile; fileRef = 87ADEFDE2660D08800CA63D1 /* AppDelegate.swift */; };
		87ADEFE82660D08C00CA63D1 /* Assets.xcassets in Resources */ = {isa = PBXBuildFile; fileRef = 87ADEFE72660D08C00CA63D1 /* Assets.xcassets */; };
		87ADEFEB2660D08C00CA63D1 /* LaunchScreen.storyboard in Resources */ = {isa = PBXBuildFile; fileRef = 87ADEFE92660D08C00CA63D1 /* LaunchScreen.storyboard */; };
		87ADEFF52660D0ED00CA63D1 /* Main.storyboard in Resources */ = {isa = PBXBuildFile; fileRef = 87ADEFF32660D0ED00CA63D1 /* Main.storyboard */; };
		87ADEFFF2660D21200CA63D1 /* API.swift in Sources */ = {isa = PBXBuildFile; fileRef = 87ADEFFE2660D21200CA63D1 /* API.swift */; };
		87ADF0012660D22300CA63D1 /* UserInfo.swift in Sources */ = {isa = PBXBuildFile; fileRef = 87ADF0002660D22300CA63D1 /* UserInfo.swift */; };
		87ADF0032660D23200CA63D1 /* LoginResponse.swift in Sources */ = {isa = PBXBuildFile; fileRef = 87ADF0022660D23200CA63D1 /* LoginResponse.swift */; };
		87ADF0092660D31D00CA63D1 /* Constants.swift in Sources */ = {isa = PBXBuildFile; fileRef = 87ADF0082660D31D00CA63D1 /* Constants.swift */; };
		87ADF00B2660D33800CA63D1 /* Log.swift in Sources */ = {isa = PBXBuildFile; fileRef = 87ADF00A2660D33800CA63D1 /* Log.swift */; };
		87ADF00D2660D35200CA63D1 /* Configuration.swift in Sources */ = {isa = PBXBuildFile; fileRef = 87ADF00C2660D35200CA63D1 /* Configuration.swift */; };
		87ADF00F2660D35D00CA63D1 /* configuration.json in Resources */ = {isa = PBXBuildFile; fileRef = 87ADF00E2660D35D00CA63D1 /* configuration.json */; };
		87ADF0112660D38100CA63D1 /* AlertController.swift in Sources */ = {isa = PBXBuildFile; fileRef = 87ADF0102660D38100CA63D1 /* AlertController.swift */; };
		87ADF0132660D3AD00CA63D1 /* LoginVC.swift in Sources */ = {isa = PBXBuildFile; fileRef = 87ADF0122660D3AD00CA63D1 /* LoginVC.swift */; };
		87ADF0152660D3D500CA63D1 /* RoundedButton.swift in Sources */ = {isa = PBXBuildFile; fileRef = 87ADF0142660D3D500CA63D1 /* RoundedButton.swift */; };
		87ADF0182660D3F600CA63D1 /* RoundedView.swift in Sources */ = {isa = PBXBuildFile; fileRef = 87ADF0172660D3F600CA63D1 /* RoundedView.swift */; };
		87ADF01A2660D42B00CA63D1 /* LoginViewModel.swift in Sources */ = {isa = PBXBuildFile; fileRef = 87ADF0192660D42B00CA63D1 /* LoginViewModel.swift */; };
		87ADF01C2660D44300CA63D1 /* UserViewModel.swift in Sources */ = {isa = PBXBuildFile; fileRef = 87ADF01B2660D44300CA63D1 /* UserViewModel.swift */; };
		87ADF01E2660D46400CA63D1 /* CreateUserVC.swift in Sources */ = {isa = PBXBuildFile; fileRef = 87ADF01D2660D46400CA63D1 /* CreateUserVC.swift */; };
		87ADF0202660D48800CA63D1 /* UserListVC.swift in Sources */ = {isa = PBXBuildFile; fileRef = 87ADF01F2660D48800CA63D1 /* UserListVC.swift */; };
		87ADF0452660EED600CA63D1 /* MockAPI.swift in Sources */ = {isa = PBXBuildFile; fileRef = 87ADF0442660EED600CA63D1 /* MockAPI.swift */; };
		87ADF0482660F11C00CA63D1 /* LoginVCTests.swift in Sources */ = {isa = PBXBuildFile; fileRef = 87ADF0472660F11C00CA63D1 /* LoginVCTests.swift */; };
		87D3B25A26628D64008A2877 /* UIButton+Extension.swift in Sources */ = {isa = PBXBuildFile; fileRef = 87D3B25926628D64008A2877 /* UIButton+Extension.swift */; };
		87D3B25C26628ED3008A2877 /* DropdownVC.swift in Sources */ = {isa = PBXBuildFile; fileRef = 87D3B25B26628ED3008A2877 /* DropdownVC.swift */; };
		87D3B2602662A1B1008A2877 /* GeneralCell.swift in Sources */ = {isa = PBXBuildFile; fileRef = 87D3B25F2662A1B1008A2877 /* GeneralCell.swift */; };
		87D3B2632662A304008A2877 /* TableViewDatasource.swift in Sources */ = {isa = PBXBuildFile; fileRef = 87D3B2622662A304008A2877 /* TableViewDatasource.swift */; };
		87D3B2652662A377008A2877 /* CountryViewModel.swift in Sources */ = {isa = PBXBuildFile; fileRef = 87D3B2642662A377008A2877 /* CountryViewModel.swift */; };
		87D3B2672662A5A3008A2877 /* CountryListViewModel.swift in Sources */ = {isa = PBXBuildFile; fileRef = 87D3B2662662A5A3008A2877 /* CountryListViewModel.swift */; };
/* End PBXBuildFile section */

/* Begin PBXContainerItemProxy section */
		87ADF03F2660EAA400CA63D1 /* PBXContainerItemProxy */ = {
			isa = PBXContainerItemProxy;
			containerPortal = 87ADEFD32660D08800CA63D1 /* Project object */;
			proxyType = 1;
			remoteGlobalIDString = 87ADEFDA2660D08800CA63D1;
			remoteInfo = TrackingApp;
		};
/* End PBXContainerItemProxy section */

/* Begin PBXFileReference section */
		8780FEB3266322A4007BF173 /* Managed.swift */ = {isa = PBXFileReference; lastKnownFileType = sourcecode.swift; path = Managed.swift; sourceTree = "<group>"; };
		8780FEB5266322E0007BF173 /* DataStack.swift */ = {isa = PBXFileReference; lastKnownFileType = sourcecode.swift; path = DataStack.swift; sourceTree = "<group>"; };
		8780FEB726632334007BF173 /* Coordinator.swift */ = {isa = PBXFileReference; lastKnownFileType = sourcecode.swift; path = Coordinator.swift; sourceTree = "<group>"; };
		8780FEB92663236C007BF173 /* NSManagedObjectContext+Extension.swift */ = {isa = PBXFileReference; lastKnownFileType = sourcecode.swift; path = "NSManagedObjectContext+Extension.swift"; sourceTree = "<group>"; };
		8780FEBD26632433007BF173 /* TrackingApp.xcdatamodel */ = {isa = PBXFileReference; lastKnownFileType = wrapper.xcdatamodel; path = TrackingApp.xcdatamodel; sourceTree = "<group>"; };
		8780FEBF2663251E007BF173 /* Login+CoreDataClass.swift */ = {isa = PBXFileReference; lastKnownFileType = sourcecode.swift; path = "Login+CoreDataClass.swift"; sourceTree = "<group>"; };
		8780FEC02663251E007BF173 /* Login+CoreDataProperties.swift */ = {isa = PBXFileReference; lastKnownFileType = sourcecode.swift; path = "Login+CoreDataProperties.swift"; sourceTree = "<group>"; };
		87A3033426613B5D00473FA9 /* ErrorVC.swift */ = {isa = PBXFileReference; lastKnownFileType = sourcecode.swift; path = ErrorVC.swift; sourceTree = "<group>"; };
		87ADEFDB2660D08800CA63D1 /* TrackingApp.app */ = {isa = PBXFileReference; explicitFileType = wrapper.application; includeInIndex = 0; path = TrackingApp.app; sourceTree = BUILT_PRODUCTS_DIR; };
		87ADEFDE2660D08800CA63D1 /* AppDelegate.swift */ = {isa = PBXFileReference; lastKnownFileType = sourcecode.swift; path = AppDelegate.swift; sourceTree = "<group>"; };
		87ADEFE72660D08C00CA63D1 /* Assets.xcassets */ = {isa = PBXFileReference; lastKnownFileType = folder.assetcatalog; path = Assets.xcassets; sourceTree = "<group>"; };
		87ADEFEA2660D08C00CA63D1 /* Base */ = {isa = PBXFileReference; lastKnownFileType = file.storyboard; name = Base; path = Base.lproj/LaunchScreen.storyboard; sourceTree = "<group>"; };
		87ADEFEC2660D08C00CA63D1 /* Info.plist */ = {isa = PBXFileReference; lastKnownFileType = text.plist.xml; path = Info.plist; sourceTree = "<group>"; };
		87ADEFF42660D0ED00CA63D1 /* Base */ = {isa = PBXFileReference; lastKnownFileType = file.storyboard; name = Base; path = Base.lproj/Main.storyboard; sourceTree = "<group>"; };
		87ADEFFE2660D21200CA63D1 /* API.swift */ = {isa = PBXFileReference; lastKnownFileType = sourcecode.swift; path = API.swift; sourceTree = "<group>"; };
		87ADF0002660D22300CA63D1 /* UserInfo.swift */ = {isa = PBXFileReference; lastKnownFileType = sourcecode.swift; path = UserInfo.swift; sourceTree = "<group>"; };
		87ADF0022660D23200CA63D1 /* LoginResponse.swift */ = {isa = PBXFileReference; lastKnownFileType = sourcecode.swift; path = LoginResponse.swift; sourceTree = "<group>"; };
		87ADF0082660D31D00CA63D1 /* Constants.swift */ = {isa = PBXFileReference; lastKnownFileType = sourcecode.swift; path = Constants.swift; sourceTree = "<group>"; };
		87ADF00A2660D33800CA63D1 /* Log.swift */ = {isa = PBXFileReference; lastKnownFileType = sourcecode.swift; path = Log.swift; sourceTree = "<group>"; };
		87ADF00C2660D35200CA63D1 /* Configuration.swift */ = {isa = PBXFileReference; lastKnownFileType = sourcecode.swift; path = Configuration.swift; sourceTree = "<group>"; };
		87ADF00E2660D35D00CA63D1 /* configuration.json */ = {isa = PBXFileReference; fileEncoding = 4; lastKnownFileType = text.json; path = configuration.json; sourceTree = "<group>"; };
		87ADF0102660D38100CA63D1 /* AlertController.swift */ = {isa = PBXFileReference; lastKnownFileType = sourcecode.swift; path = AlertController.swift; sourceTree = "<group>"; };
		87ADF0122660D3AD00CA63D1 /* LoginVC.swift */ = {isa = PBXFileReference; lastKnownFileType = sourcecode.swift; path = LoginVC.swift; sourceTree = "<group>"; };
		87ADF0142660D3D500CA63D1 /* RoundedButton.swift */ = {isa = PBXFileReference; lastKnownFileType = sourcecode.swift; path = RoundedButton.swift; sourceTree = "<group>"; };
		87ADF0172660D3F600CA63D1 /* RoundedView.swift */ = {isa = PBXFileReference; lastKnownFileType = sourcecode.swift; path = RoundedView.swift; sourceTree = "<group>"; };
		87ADF0192660D42B00CA63D1 /* LoginViewModel.swift */ = {isa = PBXFileReference; lastKnownFileType = sourcecode.swift; path = LoginViewModel.swift; sourceTree = "<group>"; };
		87ADF01B2660D44300CA63D1 /* UserViewModel.swift */ = {isa = PBXFileReference; lastKnownFileType = sourcecode.swift; path = UserViewModel.swift; sourceTree = "<group>"; };
		87ADF01D2660D46400CA63D1 /* CreateUserVC.swift */ = {isa = PBXFileReference; lastKnownFileType = sourcecode.swift; path = CreateUserVC.swift; sourceTree = "<group>"; };
		87ADF01F2660D48800CA63D1 /* UserListVC.swift */ = {isa = PBXFileReference; lastKnownFileType = sourcecode.swift; path = UserListVC.swift; sourceTree = "<group>"; };
		87ADF03A2660EAA400CA63D1 /* TrackingAppTests.xctest */ = {isa = PBXFileReference; explicitFileType = wrapper.cfbundle; includeInIndex = 0; path = TrackingAppTests.xctest; sourceTree = BUILT_PRODUCTS_DIR; };
		87ADF03E2660EAA400CA63D1 /* Info.plist */ = {isa = PBXFileReference; lastKnownFileType = text.plist.xml; path = Info.plist; sourceTree = "<group>"; };
		87ADF0442660EED600CA63D1 /* MockAPI.swift */ = {isa = PBXFileReference; lastKnownFileType = sourcecode.swift; path = MockAPI.swift; sourceTree = "<group>"; };
		87ADF0472660F11C00CA63D1 /* LoginVCTests.swift */ = {isa = PBXFileReference; lastKnownFileType = sourcecode.swift; path = LoginVCTests.swift; sourceTree = "<group>"; };
		87D3B25926628D64008A2877 /* UIButton+Extension.swift */ = {isa = PBXFileReference; lastKnownFileType = sourcecode.swift; path = "UIButton+Extension.swift"; sourceTree = "<group>"; };
		87D3B25B26628ED3008A2877 /* DropdownVC.swift */ = {isa = PBXFileReference; lastKnownFileType = sourcecode.swift; path = DropdownVC.swift; sourceTree = "<group>"; };
		87D3B25F2662A1B1008A2877 /* GeneralCell.swift */ = {isa = PBXFileReference; lastKnownFileType = sourcecode.swift; path = GeneralCell.swift; sourceTree = "<group>"; };
		87D3B2622662A304008A2877 /* TableViewDatasource.swift */ = {isa = PBXFileReference; lastKnownFileType = sourcecode.swift; path = TableViewDatasource.swift; sourceTree = "<group>"; };
		87D3B2642662A377008A2877 /* CountryViewModel.swift */ = {isa = PBXFileReference; lastKnownFileType = sourcecode.swift; path = CountryViewModel.swift; sourceTree = "<group>"; };
		87D3B2662662A5A3008A2877 /* CountryListViewModel.swift */ = {isa = PBXFileReference; lastKnownFileType = sourcecode.swift; path = CountryListViewModel.swift; sourceTree = "<group>"; };
/* End PBXFileReference section */

/* Begin PBXFrameworksBuildPhase section */
		87ADEFD82660D08800CA63D1 /* Frameworks */ = {
			isa = PBXFrameworksBuildPhase;
			buildActionMask = 2147483647;
			files = (
			);
			runOnlyForDeploymentPostprocessing = 0;
		};
		87ADF0372660EAA400CA63D1 /* Frameworks */ = {
			isa = PBXFrameworksBuildPhase;
			buildActionMask = 2147483647;
			files = (
			);
			runOnlyForDeploymentPostprocessing = 0;
		};
/* End PBXFrameworksBuildPhase section */

/* Begin PBXGroup section */
		8780FEB126632280007BF173 /* CoreData */ = {
			isa = PBXGroup;
			children = (
				8780FEBB26632412007BF173 /* Models */,
				8780FEB226632288007BF173 /* Shared */,
			);
			path = CoreData;
			sourceTree = "<group>";
		};
		8780FEB226632288007BF173 /* Shared */ = {
			isa = PBXGroup;
			children = (
				8780FEB3266322A4007BF173 /* Managed.swift */,
				8780FEB5266322E0007BF173 /* DataStack.swift */,
				8780FEB726632334007BF173 /* Coordinator.swift */,
			);
			path = Shared;
			sourceTree = "<group>";
		};
		8780FEBB26632412007BF173 /* Models */ = {
			isa = PBXGroup;
			children = (
				8780FEBF2663251E007BF173 /* Login+CoreDataClass.swift */,
				8780FEC02663251E007BF173 /* Login+CoreDataProperties.swift */,
				8780FEBC26632433007BF173 /* TrackingApp.xcdatamodeld */,
			);
			path = Models;
			sourceTree = "<group>";
		};
		87ADEFD22660D08800CA63D1 = {
			isa = PBXGroup;
			children = (
				87ADEFDD2660D08800CA63D1 /* TrackingApp */,
				87ADF03B2660EAA400CA63D1 /* TrackingAppTests */,
				87ADEFDC2660D08800CA63D1 /* Products */,
			);
			sourceTree = "<group>";
		};
		87ADEFDC2660D08800CA63D1 /* Products */ = {
			isa = PBXGroup;
			children = (
				87ADEFDB2660D08800CA63D1 /* TrackingApp.app */,
				87ADF03A2660EAA400CA63D1 /* TrackingAppTests.xctest */,
			);
			name = Products;
			sourceTree = "<group>";
		};
		87ADEFDD2660D08800CA63D1 /* TrackingApp */ = {
			isa = PBXGroup;
			children = (
				8780FEB126632280007BF173 /* CoreData */,
				87D3B2612662A2D7008A2877 /* Datasource */,
				87ADEFFB2660D1AA00CA63D1 /* Models */,
				87ADEFFA2660D19C00CA63D1 /* Views */,
				87ADEFF92660D19100CA63D1 /* Controllers */,
				87ADEFF22660D0D600CA63D1 /* ViewModels */,
				87ADEFF82660D18400CA63D1 /* Utilities */,
				87ADEFF72660D17600CA63D1 /* Extensions */,
				87ADEFF62660D16D00CA63D1 /* Shared */,
				87ADEFDE2660D08800CA63D1 /* AppDelegate.swift */,
				87ADEFE72660D08C00CA63D1 /* Assets.xcassets */,
				87ADEFE92660D08C00CA63D1 /* LaunchScreen.storyboard */,
				87ADEFF32660D0ED00CA63D1 /* Main.storyboard */,
				87ADEFEC2660D08C00CA63D1 /* Info.plist */,
				87ADF00E2660D35D00CA63D1 /* configuration.json */,
			);
			path = TrackingApp;
			sourceTree = "<group>";
		};
		87ADEFF22660D0D600CA63D1 /* ViewModels */ = {
			isa = PBXGroup;
			children = (
				87ADF0192660D42B00CA63D1 /* LoginViewModel.swift */,
				87ADF01B2660D44300CA63D1 /* UserViewModel.swift */,
				87D3B2642662A377008A2877 /* CountryViewModel.swift */,
				87D3B2662662A5A3008A2877 /* CountryListViewModel.swift */,
			);
			path = ViewModels;
			sourceTree = "<group>";
		};
		87ADEFF62660D16D00CA63D1 /* Shared */ = {
			isa = PBXGroup;
			children = (
				87ADEFFD2660D1F200CA63D1 /* Services */,
				87ADEFFC2660D1EB00CA63D1 /* Models */,
			);
			path = Shared;
			sourceTree = "<group>";
		};
		87ADEFF72660D17600CA63D1 /* Extensions */ = {
			isa = PBXGroup;
			children = (
				87ADF0102660D38100CA63D1 /* AlertController.swift */,
				87D3B25926628D64008A2877 /* UIButton+Extension.swift */,
				8780FEB92663236C007BF173 /* NSManagedObjectContext+Extension.swift */,
			);
			path = Extensions;
			sourceTree = "<group>";
		};
		87ADEFF82660D18400CA63D1 /* Utilities */ = {
			isa = PBXGroup;
			children = (
				87ADF0082660D31D00CA63D1 /* Constants.swift */,
				87ADF00A2660D33800CA63D1 /* Log.swift */,
				87ADF00C2660D35200CA63D1 /* Configuration.swift */,
			);
			path = Utilities;
			sourceTree = "<group>";
		};
		87ADEFF92660D19100CA63D1 /* Controllers */ = {
			isa = PBXGroup;
			children = (
				87ADF0122660D3AD00CA63D1 /* LoginVC.swift */,
				87ADF01D2660D46400CA63D1 /* CreateUserVC.swift */,
				87ADF01F2660D48800CA63D1 /* UserListVC.swift */,
				87A3033426613B5D00473FA9 /* ErrorVC.swift */,
				87D3B25B26628ED3008A2877 /* DropdownVC.swift */,
			);
			path = Controllers;
			sourceTree = "<group>";
		};
		87ADEFFA2660D19C00CA63D1 /* Views */ = {
			isa = PBXGroup;
			children = (
				87ADF0162660D3E800CA63D1 /* Cells */,
				87ADF0142660D3D500CA63D1 /* RoundedButton.swift */,
				87ADF0172660D3F600CA63D1 /* RoundedView.swift */,
			);
			path = Views;
			sourceTree = "<group>";
		};
		87ADEFFB2660D1AA00CA63D1 /* Models */ = {
			isa = PBXGroup;
			children = (
			);
			path = Models;
			sourceTree = "<group>";
		};
		87ADEFFC2660D1EB00CA63D1 /* Models */ = {
			isa = PBXGroup;
			children = (
				87ADF0002660D22300CA63D1 /* UserInfo.swift */,
				87ADF0022660D23200CA63D1 /* LoginResponse.swift */,
			);
			path = Models;
			sourceTree = "<group>";
		};
		87ADEFFD2660D1F200CA63D1 /* Services */ = {
			isa = PBXGroup;
			children = (
				87ADEFFE2660D21200CA63D1 /* API.swift */,
			);
			path = Services;
			sourceTree = "<group>";
		};
		87ADF0162660D3E800CA63D1 /* Cells */ = {
			isa = PBXGroup;
			children = (
				87D3B25F2662A1B1008A2877 /* GeneralCell.swift */,
			);
			path = Cells;
			sourceTree = "<group>";
		};
		87ADF03B2660EAA400CA63D1 /* TrackingAppTests */ = {
			isa = PBXGroup;
			children = (
				87ADF0462660F0FA00CA63D1 /* Controllers */,
				87ADF03E2660EAA400CA63D1 /* Info.plist */,
				87ADF0442660EED600CA63D1 /* MockAPI.swift */,
			);
			path = TrackingAppTests;
			sourceTree = "<group>";
		};
		87ADF0462660F0FA00CA63D1 /* Controllers */ = {
			isa = PBXGroup;
			children = (
				87ADF0472660F11C00CA63D1 /* LoginVCTests.swift */,
			);
			path = Controllers;
			sourceTree = "<group>";
		};
		87D3B2612662A2D7008A2877 /* Datasource */ = {
			isa = PBXGroup;
			children = (
				87D3B2622662A304008A2877 /* TableViewDatasource.swift */,
			);
			path = Datasource;
			sourceTree = "<group>";
		};
/* End PBXGroup section */

/* Begin PBXNativeTarget section */
		87ADEFDA2660D08800CA63D1 /* TrackingApp */ = {
			isa = PBXNativeTarget;
			buildConfigurationList = 87ADEFEF2660D08C00CA63D1 /* Build configuration list for PBXNativeTarget "TrackingApp" */;
			buildPhases = (
				87ADEFD72660D08800CA63D1 /* Sources */,
				87ADEFD82660D08800CA63D1 /* Frameworks */,
				87ADEFD92660D08800CA63D1 /* Resources */,
			);
			buildRules = (
			);
			dependencies = (
			);
			name = TrackingApp;
			productName = TrackingApp;
			productReference = 87ADEFDB2660D08800CA63D1 /* TrackingApp.app */;
			productType = "com.apple.product-type.application";
		};
		87ADF0392660EAA400CA63D1 /* TrackingAppTests */ = {
			isa = PBXNativeTarget;
			buildConfigurationList = 87ADF0412660EAA400CA63D1 /* Build configuration list for PBXNativeTarget "TrackingAppTests" */;
			buildPhases = (
				87ADF0362660EAA400CA63D1 /* Sources */,
				87ADF0372660EAA400CA63D1 /* Frameworks */,
				87ADF0382660EAA400CA63D1 /* Resources */,
			);
			buildRules = (
			);
			dependencies = (
				87ADF0402660EAA400CA63D1 /* PBXTargetDependency */,
			);
			name = TrackingAppTests;
			productName = TrackingAppTests;
			productReference = 87ADF03A2660EAA400CA63D1 /* TrackingAppTests.xctest */;
			productType = "com.apple.product-type.bundle.unit-test";
		};
/* End PBXNativeTarget section */

/* Begin PBXProject section */
		87ADEFD32660D08800CA63D1 /* Project object */ = {
			isa = PBXProject;
			attributes = {
				LastSwiftUpdateCheck = 1250;
				LastUpgradeCheck = 1250;
				TargetAttributes = {
					87ADEFDA2660D08800CA63D1 = {
						CreatedOnToolsVersion = 12.5;
					};
					87ADF0392660EAA400CA63D1 = {
						CreatedOnToolsVersion = 12.5;
						TestTargetID = 87ADEFDA2660D08800CA63D1;
					};
				};
			};
			buildConfigurationList = 87ADEFD62660D08800CA63D1 /* Build configuration list for PBXProject "TrackingApp" */;
			compatibilityVersion = "Xcode 9.3";
			developmentRegion = en;
			hasScannedForEncodings = 0;
			knownRegions = (
				en,
				Base,
			);
			mainGroup = 87ADEFD22660D08800CA63D1;
			productRefGroup = 87ADEFDC2660D08800CA63D1 /* Products */;
			projectDirPath = "";
			projectRoot = "";
			targets = (
				87ADEFDA2660D08800CA63D1 /* TrackingApp */,
				87ADF0392660EAA400CA63D1 /* TrackingAppTests */,
			);
		};
/* End PBXProject section */

/* Begin PBXResourcesBuildPhase section */
		87ADEFD92660D08800CA63D1 /* Resources */ = {
			isa = PBXResourcesBuildPhase;
			buildActionMask = 2147483647;
			files = (
				87ADEFF52660D0ED00CA63D1 /* Main.storyboard in Resources */,
				87ADEFEB2660D08C00CA63D1 /* LaunchScreen.storyboard in Resources */,
				87ADF00F2660D35D00CA63D1 /* configuration.json in Resources */,
				87ADEFE82660D08C00CA63D1 /* Assets.xcassets in Resources */,
			);
			runOnlyForDeploymentPostprocessing = 0;
		};
		87ADF0382660EAA400CA63D1 /* Resources */ = {
			isa = PBXResourcesBuildPhase;
			buildActionMask = 2147483647;
			files = (
			);
			runOnlyForDeploymentPostprocessing = 0;
		};
/* End PBXResourcesBuildPhase section */

/* Begin PBXSourcesBuildPhase section */
		87ADEFD72660D08800CA63D1 /* Sources */ = {
			isa = PBXSourcesBuildPhase;
			buildActionMask = 2147483647;
			files = (
				87ADF0092660D31D00CA63D1 /* Constants.swift in Sources */,
				87ADF0152660D3D500CA63D1 /* RoundedButton.swift in Sources */,
				8780FEB6266322E0007BF173 /* DataStack.swift in Sources */,
				87D3B2632662A304008A2877 /* TableViewDatasource.swift in Sources */,
				87ADF0202660D48800CA63D1 /* UserListVC.swift in Sources */,
				87D3B25A26628D64008A2877 /* UIButton+Extension.swift in Sources */,
				87ADEFFF2660D21200CA63D1 /* API.swift in Sources */,
				8780FEBA2663236C007BF173 /* NSManagedObjectContext+Extension.swift in Sources */,
				8780FEB4266322A4007BF173 /* Managed.swift in Sources */,
				87D3B2602662A1B1008A2877 /* GeneralCell.swift in Sources */,
				8780FEBE26632433007BF173 /* TrackingApp.xcdatamodeld in Sources */,
				87D3B2672662A5A3008A2877 /* CountryListViewModel.swift in Sources */,
				87ADF00D2660D35200CA63D1 /* Configuration.swift in Sources */,
				8780FEC12663251E007BF173 /* Login+CoreDataClass.swift in Sources */,
				87ADF00B2660D33800CA63D1 /* Log.swift in Sources */,
				87ADF0112660D38100CA63D1 /* AlertController.swift in Sources */,
				87ADF0132660D3AD00CA63D1 /* LoginVC.swift in Sources */,
				8780FEC22663251E007BF173 /* Login+CoreDataProperties.swift in Sources */,
				87ADF0012660D22300CA63D1 /* UserInfo.swift in Sources */,
				87D3B2652662A377008A2877 /* CountryViewModel.swift in Sources */,
				87ADF01A2660D42B00CA63D1 /* LoginViewModel.swift in Sources */,
				87ADF01C2660D44300CA63D1 /* UserViewModel.swift in Sources */,
				87A3033526613B5D00473FA9 /* ErrorVC.swift in Sources */,
				87D3B25C26628ED3008A2877 /* DropdownVC.swift in Sources */,
				87ADF0032660D23200CA63D1 /* LoginResponse.swift in Sources */,
				87ADF0182660D3F600CA63D1 /* RoundedView.swift in Sources */,
				8780FEB826632334007BF173 /* Coordinator.swift in Sources */,
				87ADEFDF2660D08800CA63D1 /* AppDelegate.swift in Sources */,
				87ADF01E2660D46400CA63D1 /* CreateUserVC.swift in Sources */,
			);
			runOnlyForDeploymentPostprocessing = 0;
		};
		87ADF0362660EAA400CA63D1 /* Sources */ = {
			isa = PBXSourcesBuildPhase;
			buildActionMask = 2147483647;
			files = (
				87ADF0452660EED600CA63D1 /* MockAPI.swift in Sources */,
				87ADF0482660F11C00CA63D1 /* LoginVCTests.swift in Sources */,
			);
			runOnlyForDeploymentPostprocessing = 0;
		};
/* End PBXSourcesBuildPhase section */

/* Begin PBXTargetDependency section */
		87ADF0402660EAA400CA63D1 /* PBXTargetDependency */ = {
			isa = PBXTargetDependency;
			target = 87ADEFDA2660D08800CA63D1 /* TrackingApp */;
			targetProxy = 87ADF03F2660EAA400CA63D1 /* PBXContainerItemProxy */;
		};
/* End PBXTargetDependency section */

/* Begin PBXVariantGroup section */
		87ADEFE92660D08C00CA63D1 /* LaunchScreen.storyboard */ = {
			isa = PBXVariantGroup;
			children = (
				87ADEFEA2660D08C00CA63D1 /* Base */,
			);
			name = LaunchScreen.storyboard;
			sourceTree = "<group>";
		};
		87ADEFF32660D0ED00CA63D1 /* Main.storyboard */ = {
			isa = PBXVariantGroup;
			children = (
				87ADEFF42660D0ED00CA63D1 /* Base */,
			);
			name = Main.storyboard;
			sourceTree = "<group>";
		};
/* End PBXVariantGroup section */

/* Begin XCBuildConfiguration section */
		87ADEFED2660D08C00CA63D1 /* Debug */ = {
			isa = XCBuildConfiguration;
			buildSettings = {
				ALWAYS_SEARCH_USER_PATHS = NO;
				CLANG_ANALYZER_NONNULL = YES;
				CLANG_ANALYZER_NUMBER_OBJECT_CONVERSION = YES_AGGRESSIVE;
				CLANG_CXX_LANGUAGE_STANDARD = "gnu++14";
				CLANG_CXX_LIBRARY = "libc++";
				CLANG_ENABLE_MODULES = YES;
				CLANG_ENABLE_OBJC_ARC = YES;
				CLANG_ENABLE_OBJC_WEAK = YES;
				CLANG_WARN_BLOCK_CAPTURE_AUTORELEASING = YES;
				CLANG_WARN_BOOL_CONVERSION = YES;
				CLANG_WARN_COMMA = YES;
				CLANG_WARN_CONSTANT_CONVERSION = YES;
				CLANG_WARN_DEPRECATED_OBJC_IMPLEMENTATIONS = YES;
				CLANG_WARN_DIRECT_OBJC_ISA_USAGE = YES_ERROR;
				CLANG_WARN_DOCUMENTATION_COMMENTS = YES;
				CLANG_WARN_EMPTY_BODY = YES;
				CLANG_WARN_ENUM_CONVERSION = YES;
				CLANG_WARN_INFINITE_RECURSION = YES;
				CLANG_WARN_INT_CONVERSION = YES;
				CLANG_WARN_NON_LITERAL_NULL_CONVERSION = YES;
				CLANG_WARN_OBJC_IMPLICIT_RETAIN_SELF = YES;
				CLANG_WARN_OBJC_LITERAL_CONVERSION = YES;
				CLANG_WARN_OBJC_ROOT_CLASS = YES_ERROR;
				CLANG_WARN_QUOTED_INCLUDE_IN_FRAMEWORK_HEADER = YES;
				CLANG_WARN_RANGE_LOOP_ANALYSIS = YES;
				CLANG_WARN_STRICT_PROTOTYPES = YES;
				CLANG_WARN_SUSPICIOUS_MOVE = YES;
				CLANG_WARN_UNGUARDED_AVAILABILITY = YES_AGGRESSIVE;
				CLANG_WARN_UNREACHABLE_CODE = YES;
				CLANG_WARN__DUPLICATE_METHOD_MATCH = YES;
				COPY_PHASE_STRIP = NO;
				DEBUG_INFORMATION_FORMAT = dwarf;
				ENABLE_STRICT_OBJC_MSGSEND = YES;
				ENABLE_TESTABILITY = YES;
				GCC_C_LANGUAGE_STANDARD = gnu11;
				GCC_DYNAMIC_NO_PIC = NO;
				GCC_NO_COMMON_BLOCKS = YES;
				GCC_OPTIMIZATION_LEVEL = 0;
				GCC_PREPROCESSOR_DEFINITIONS = (
					"DEBUG=1",
					"$(inherited)",
				);
				GCC_WARN_64_TO_32_BIT_CONVERSION = YES;
				GCC_WARN_ABOUT_RETURN_TYPE = YES_ERROR;
				GCC_WARN_UNDECLARED_SELECTOR = YES;
				GCC_WARN_UNINITIALIZED_AUTOS = YES_AGGRESSIVE;
				GCC_WARN_UNUSED_FUNCTION = YES;
				GCC_WARN_UNUSED_VARIABLE = YES;
				IPHONEOS_DEPLOYMENT_TARGET = 14.5;
				MTL_ENABLE_DEBUG_INFO = INCLUDE_SOURCE;
				MTL_FAST_MATH = YES;
				ONLY_ACTIVE_ARCH = YES;
				SDKROOT = iphoneos;
				SWIFT_ACTIVE_COMPILATION_CONDITIONS = DEBUG;
				SWIFT_OPTIMIZATION_LEVEL = "-Onone";
			};
			name = Debug;
		};
		87ADEFEE2660D08C00CA63D1 /* Release */ = {
			isa = XCBuildConfiguration;
			buildSettings = {
				ALWAYS_SEARCH_USER_PATHS = NO;
				CLANG_ANALYZER_NONNULL = YES;
				CLANG_ANALYZER_NUMBER_OBJECT_CONVERSION = YES_AGGRESSIVE;
				CLANG_CXX_LANGUAGE_STANDARD = "gnu++14";
				CLANG_CXX_LIBRARY = "libc++";
				CLANG_ENABLE_MODULES = YES;
				CLANG_ENABLE_OBJC_ARC = YES;
				CLANG_ENABLE_OBJC_WEAK = YES;
				CLANG_WARN_BLOCK_CAPTURE_AUTORELEASING = YES;
				CLANG_WARN_BOOL_CONVERSION = YES;
				CLANG_WARN_COMMA = YES;
				CLANG_WARN_CONSTANT_CONVERSION = YES;
				CLANG_WARN_DEPRECATED_OBJC_IMPLEMENTATIONS = YES;
				CLANG_WARN_DIRECT_OBJC_ISA_USAGE = YES_ERROR;
				CLANG_WARN_DOCUMENTATION_COMMENTS = YES;
				CLANG_WARN_EMPTY_BODY = YES;
				CLANG_WARN_ENUM_CONVERSION = YES;
				CLANG_WARN_INFINITE_RECURSION = YES;
				CLANG_WARN_INT_CONVERSION = YES;
				CLANG_WARN_NON_LITERAL_NULL_CONVERSION = YES;
				CLANG_WARN_OBJC_IMPLICIT_RETAIN_SELF = YES;
				CLANG_WARN_OBJC_LITERAL_CONVERSION = YES;
				CLANG_WARN_OBJC_ROOT_CLASS = YES_ERROR;
				CLANG_WARN_QUOTED_INCLUDE_IN_FRAMEWORK_HEADER = YES;
				CLANG_WARN_RANGE_LOOP_ANALYSIS = YES;
				CLANG_WARN_STRICT_PROTOTYPES = YES;
				CLANG_WARN_SUSPICIOUS_MOVE = YES;
				CLANG_WARN_UNGUARDED_AVAILABILITY = YES_AGGRESSIVE;
				CLANG_WARN_UNREACHABLE_CODE = YES;
				CLANG_WARN__DUPLICATE_METHOD_MATCH = YES;
				COPY_PHASE_STRIP = NO;
				DEBUG_INFORMATION_FORMAT = "dwarf-with-dsym";
				ENABLE_NS_ASSERTIONS = NO;
				ENABLE_STRICT_OBJC_MSGSEND = YES;
				GCC_C_LANGUAGE_STANDARD = gnu11;
				GCC_NO_COMMON_BLOCKS = YES;
				GCC_WARN_64_TO_32_BIT_CONVERSION = YES;
				GCC_WARN_ABOUT_RETURN_TYPE = YES_ERROR;
				GCC_WARN_UNDECLARED_SELECTOR = YES;
				GCC_WARN_UNINITIALIZED_AUTOS = YES_AGGRESSIVE;
				GCC_WARN_UNUSED_FUNCTION = YES;
				GCC_WARN_UNUSED_VARIABLE = YES;
				IPHONEOS_DEPLOYMENT_TARGET = 14.5;
				MTL_ENABLE_DEBUG_INFO = NO;
				MTL_FAST_MATH = YES;
				SDKROOT = iphoneos;
				SWIFT_COMPILATION_MODE = wholemodule;
				SWIFT_OPTIMIZATION_LEVEL = "-O";
				VALIDATE_PRODUCT = YES;
			};
			name = Release;
		};
		87ADEFF02660D08C00CA63D1 /* Debug */ = {
			isa = XCBuildConfiguration;
			buildSettings = {
				ASSETCATALOG_COMPILER_APPICON_NAME = AppIcon;
				ASSETCATALOG_COMPILER_GLOBAL_ACCENT_COLOR_NAME = AccentColor;
				CODE_SIGN_STYLE = Automatic;
				DEVELOPMENT_TEAM = 684AQWYBJA;
				INFOPLIST_FILE = TrackingApp/Info.plist;
				LD_RUNPATH_SEARCH_PATHS = (
					"$(inherited)",
					"@executable_path/Frameworks",
				);
				PRODUCT_BUNDLE_IDENTIFIER = com.konica.dev.WeatherApp;
				PRODUCT_NAME = "$(TARGET_NAME)";
				SWIFT_VERSION = 5.0;
				TARGETED_DEVICE_FAMILY = "1,2";
			};
			name = Debug;
		};
		87ADEFF12660D08C00CA63D1 /* Release */ = {
			isa = XCBuildConfiguration;
			buildSettings = {
				ASSETCATALOG_COMPILER_APPICON_NAME = AppIcon;
				ASSETCATALOG_COMPILER_GLOBAL_ACCENT_COLOR_NAME = AccentColor;
				CODE_SIGN_STYLE = Automatic;
				DEVELOPMENT_TEAM = 684AQWYBJA;
				INFOPLIST_FILE = TrackingApp/Info.plist;
				LD_RUNPATH_SEARCH_PATHS = (
					"$(inherited)",
					"@executable_path/Frameworks",
				);
				PRODUCT_BUNDLE_IDENTIFIER = com.konica.dev.WeatherApp;
				PRODUCT_NAME = "$(TARGET_NAME)";
				SWIFT_VERSION = 5.0;
				TARGETED_DEVICE_FAMILY = "1,2";
			};
			name = Release;
		};
		87ADF0422660EAA400CA63D1 /* Debug */ = {
			isa = XCBuildConfiguration;
			buildSettings = {
				BUNDLE_LOADER = "$(TEST_HOST)";
				CODE_SIGN_STYLE = Automatic;
				INFOPLIST_FILE = TrackingAppTests/Info.plist;
				LD_RUNPATH_SEARCH_PATHS = (
					"$(inherited)",
					"@executable_path/Frameworks",
					"@loader_path/Frameworks",
				);
				PRODUCT_BUNDLE_IDENTIFIER = com.konica.dev.TrackingAppTests;
				PRODUCT_NAME = "$(TARGET_NAME)";
				SWIFT_VERSION = 5.0;
				TARGETED_DEVICE_FAMILY = "1,2";
				TEST_HOST = "$(BUILT_PRODUCTS_DIR)/TrackingApp.app/TrackingApp";
			};
			name = Debug;
		};
		87ADF0432660EAA400CA63D1 /* Release */ = {
			isa = XCBuildConfiguration;
			buildSettings = {
				BUNDLE_LOADER = "$(TEST_HOST)";
				CODE_SIGN_STYLE = Automatic;
				INFOPLIST_FILE = TrackingAppTests/Info.plist;
				LD_RUNPATH_SEARCH_PATHS = (
					"$(inherited)",
					"@executable_path/Frameworks",
					"@loader_path/Frameworks",
				);
				PRODUCT_BUNDLE_IDENTIFIER = com.konica.dev.TrackingAppTests;
				PRODUCT_NAME = "$(TARGET_NAME)";
				SWIFT_VERSION = 5.0;
				TARGETED_DEVICE_FAMILY = "1,2";
				TEST_HOST = "$(BUILT_PRODUCTS_DIR)/TrackingApp.app/TrackingApp";
			};
			name = Release;
		};
/* End XCBuildConfiguration section */

/* Begin XCConfigurationList section */
		87ADEFD62660D08800CA63D1 /* Build configuration list for PBXProject "TrackingApp" */ = {
			isa = XCConfigurationList;
			buildConfigurations = (
				87ADEFED2660D08C00CA63D1 /* Debug */,
				87ADEFEE2660D08C00CA63D1 /* Release */,
			);
			defaultConfigurationIsVisible = 0;
			defaultConfigurationName = Release;
		};
		87ADEFEF2660D08C00CA63D1 /* Build configuration list for PBXNativeTarget "TrackingApp" */ = {
			isa = XCConfigurationList;
			buildConfigurations = (
				87ADEFF02660D08C00CA63D1 /* Debug */,
				87ADEFF12660D08C00CA63D1 /* Release */,
			);
			defaultConfigurationIsVisible = 0;
			defaultConfigurationName = Release;
		};
		87ADF0412660EAA400CA63D1 /* Build configuration list for PBXNativeTarget "TrackingAppTests" */ = {
			isa = XCConfigurationList;
			buildConfigurations = (
				87ADF0422660EAA400CA63D1 /* Debug */,
				87ADF0432660EAA400CA63D1 /* Release */,
			);
			defaultConfigurationIsVisible = 0;
			defaultConfigurationName = Release;
		};
/* End XCConfigurationList section */

/* Begin XCVersionGroup section */
		8780FEBC26632433007BF173 /* TrackingApp.xcdatamodeld */ = {
			isa = XCVersionGroup;
			children = (
				8780FEBD26632433007BF173 /* TrackingApp.xcdatamodel */,
			);
			currentVersion = 8780FEBD26632433007BF173 /* TrackingApp.xcdatamodel */;
			path = TrackingApp.xcdatamodeld;
			sourceTree = "<group>";
			versionGroupType = wrapper.xcdatamodel;
		};
/* End XCVersionGroup section */
	};
	rootObject = 87ADEFD32660D08800CA63D1 /* Project object */;
}
